
Microsoft Visual Studio Solution File, Format Version 12.00
# Visual Studio 2012
Project("{8BC9CEB8-8B4A-11D0-8D11-00A0C91BC942}") = "ES", "ES.vcxproj", "{8CE4B16E-0F31-4847-A8CD-37372F2BCEB9}"
EndProject
Global
	GlobalSection(SolutionConfigurationPlatforms) = preSolution
		Debug|Win32 = Debug|Win32
		Release|Win32 = Release|Win32
	EndGlobalSection
	GlobalSection(ProjectConfigurationPlatforms) = postSolution
		{8CE4B16E-0F31-4847-A8CD-37372F2BCEB9}.Debug|Win32.ActiveCfg = Debug|Win32
		{8CE4B16E-0F31-4847-A8CD-37372F2BCEB9}.Debug|Win32.Build.0 = Debug|Win32
		{8CE4B16E-0F31-4847-A8CD-37372F2BCEB9}.Release|Win32.ActiveCfg = Release|Win32
		{8CE4B16E-0F31-4847-A8CD-37372F2BCEB9}.Release|Win32.Build.0 = Release|Win32
	EndGlobalSection
	GlobalSection(SolutionProperties) = preSolution
		HideSolutionNode = FALSE
	EndGlobalSection
EndGlobal
