<?xml version="1.0" encoding="utf-8"?>
<Project ToolsVersion="4.0" xmlns="http://schemas.microsoft.com/developer/msbuild/2003">
  <ItemGroup>
    <Filter Include="Source Files">
      <UniqueIdentifier>{4FC737F1-C7A5-4376-A066-2A32D752A2FF}</UniqueIdentifier>
      <Extensions>cpp;c;cc;cxx;def;odl;idl;hpj;bat;asm;asmx</Extensions>
    </Filter>
    <Filter Include="Header Files">
      <UniqueIdentifier>{93995380-89BD-4b04-88EB-625FBE52EBFB}</UniqueIdentifier>
      <Extensions>h;hpp;hxx;hm;inl;inc;xsd</Extensions>
    </Filter>
    <Filter Include="Resource Files">
      <UniqueIdentifier>{67DA6AB6-F800-4c08-8B7A-83BB121AAD01}</UniqueIdentifier>
      <Extensions>rc;ico;cur;bmp;dlg;rc2;rct;bin;rgs;gif;jpg;jpeg;jpe;resx;tiff;tif;png;wav</Extensions>
    </Filter>
  </ItemGroup>
  <ItemGroup>
    <ClCompile Include="entitysystem\entitysystem\AttackComponent.cpp">
      <Filter>Source Files</Filter>
    </ClCompile>
    <ClCompile Include="entitysystem\entitysystem\DefenseComponent.cpp">
      <Filter>Source Files</Filter>
    </ClCompile>
    <ClCompile Include="entitysystem\entitysystem\HandComponent.cpp">
      <Filter>Source Files</Filter>
    </ClCompile>
    <ClCompile Include="entitysystem\entitysystem\HpComponent.cpp">
      <Filter>Source Files</Filter>
    </ClCompile>
    <ClCompile Include="entitysystem\entitysystem\main.cpp">
      <Filter>Source Files</Filter>
    </ClCompile>
    <ClCompile Include="entitysystem\entitysystem\PackageComponent.cpp">
      <Filter>Source Files</Filter>
    </ClCompile>
    <ClCompile Include="entitysystem\entitysystem\Component.cpp">
      <Filter>Source Files</Filter>
    </ClCompile>
    <ClCompile Include="entitySystem\entitySystem\Logic.cpp">
      <Filter>Source Files</Filter>
    </ClCompile>
  </ItemGroup>
  <ItemGroup>
    <ClInclude Include="entitysystem\entitysystem\AttackComponent.h">
      <Filter>Header Files</Filter>
    </ClInclude>
    <ClInclude Include="entitysystem\entitysystem\Config.h">
      <Filter>Header Files</Filter>
    </ClInclude>
    <ClInclude Include="entitysystem\entitysystem\DefenseComponent.h">
      <Filter>Header Files</Filter>
    </ClInclude>
    <ClInclude Include="entitysystem\entitysystem\HandComponent.h">
      <Filter>Header Files</Filter>
    </ClInclude>
    <ClInclude Include="entitysystem\entitysystem\HpComponent.h">
      <Filter>Header Files</Filter>
    </ClInclude>
    <ClInclude Include="entitysystem\entitysystem\PackageComponent.h">
      <Filter>Header Files</Filter>
    </ClInclude>
    <ClInclude Include="entitysystem\entitysystem\Component.h">
      <Filter>Header Files</Filter>
    </ClInclude>
    <ClInclude Include="entitySystem\entitySystem\SpriteComponent.h">
      <Filter>Source Files</Filter>
    </ClInclude>
    <ClInclude Include="entitySystem\entitySystem\AllComponents.h">
      <Filter>Header Files</Filter>
    </ClInclude>
    <ClInclude Include="entitySystem\entitySystem\Factory.h">
      <Filter>Source Files</Filter>
    </ClInclude>
    <ClInclude Include="entitySystem\entitySystem\Logic.h">
      <Filter>Source Files</Filter>
    </ClInclude>
  </ItemGroup>
</Project>