// !$*UTF8*$!
{
	archiveVersion = 1;
	classes = {
	};
	objectVersion = 46;
	objects = {

/* Begin PBXBuildFile section */
		CE695CFB17E2BEC5009E9118 /* Factory.cpp in Sources */ = {isa = PBXBuildFile; fileRef = CE695CFA17E2BEC5009E9118 /* Factory.cpp */; };
		CE695CFE17E2BF03009E9118 /* cJSON.c in Sources */ = {isa = PBXBuildFile; fileRef = CE695CFC17E2BF03009E9118 /* cJSON.c */; };
		CEED3C1617DEFDDC0003ABC0 /* main.cpp in Sources */ = {isa = PBXBuildFile; fileRef = CEED3C1517DEFDDC0003ABC0 /* main.cpp */; };
		CEED3C2A17DF06260003ABC0 /* ValueComponent.cpp in Sources */ = {isa = PBXBuildFile; fileRef = CEED3C2817DF06260003ABC0 /* ValueComponent.cpp */; };
		CEED3C3017DF11B00003ABC0 /* ArrayComponent.cpp in Sources */ = {isa = PBXBuildFile; fileRef = CEED3C2E17DF11B00003ABC0 /* ArrayComponent.cpp */; };
		CEED3C4417E007160003ABC0 /* Component.cpp in Sources */ = {isa = PBXBuildFile; fileRef = CEED3C3E17E007160003ABC0 /* Component.cpp */; };
		CEED3C4517E007160003ABC0 /* Logic.cpp in Sources */ = {isa = PBXBuildFile; fileRef = CEED3C4117E007160003ABC0 /* Logic.cpp */; };
/* End PBXBuildFile section */

/* Begin PBXCopyFilesBuildPhase section */
		CEED3C1017DEFDDC0003ABC0 /* CopyFiles */ = {
			isa = PBXCopyFilesBuildPhase;
			buildActionMask = 2147483647;
			dstPath = /usr/share/man/man1/;
			dstSubfolderSpec = 0;
			files = (
			);
			runOnlyForDeploymentPostprocessing = 1;
		};
/* End PBXCopyFilesBuildPhase section */

/* Begin PBXFileReference section */
		CE695CFA17E2BEC5009E9118 /* Factory.cpp */ = {isa = PBXFileReference; fileEncoding = 4; lastKnownFileType = sourcecode.cpp.cpp; path = Factory.cpp; sourceTree = "<group>"; };
		CE695CFC17E2BF03009E9118 /* cJSON.c */ = {isa = PBXFileReference; fileEncoding = 4; lastKnownFileType = sourcecode.c.c; name = cJSON.c; path = cJSON/cJSON.c; sourceTree = "<group>"; };
		CE695CFD17E2BF03009E9118 /* cJSON.h */ = {isa = PBXFileReference; fileEncoding = 4; lastKnownFileType = sourcecode.c.h; name = cJSON.h; path = cJSON/cJSON.h; sourceTree = "<group>"; };
		CEDD03751811421400936890 /* component.json */ = {isa = PBXFileReference; fileEncoding = 4; lastKnownFileType = text.json; name = component.json; path = ../../component.json; sourceTree = "<group>"; };
		CEED3C1217DEFDDC0003ABC0 /* entitySystem */ = {isa = PBXFileReference; explicitFileType = "compiled.mach-o.executable"; includeInIndex = 0; path = entitySystem; sourceTree = BUILT_PRODUCTS_DIR; };
		CEED3C1517DEFDDC0003ABC0 /* main.cpp */ = {isa = PBXFileReference; lastKnownFileType = sourcecode.cpp.cpp; path = main.cpp; sourceTree = "<group>"; };
		CEED3C2717DF03B30003ABC0 /* Config.h */ = {isa = PBXFileReference; lastKnownFileType = sourcecode.c.h; path = Config.h; sourceTree = "<group>"; };
		CEED3C2817DF06260003ABC0 /* ValueComponent.cpp */ = {isa = PBXFileReference; fileEncoding = 4; lastKnownFileType = sourcecode.cpp.cpp; path = ValueComponent.cpp; sourceTree = "<group>"; };
		CEED3C2917DF06260003ABC0 /* ValueComponent.h */ = {isa = PBXFileReference; fileEncoding = 4; lastKnownFileType = sourcecode.c.h; path = ValueComponent.h; sourceTree = "<group>"; };
		CEED3C2E17DF11B00003ABC0 /* ArrayComponent.cpp */ = {isa = PBXFileReference; fileEncoding = 4; lastKnownFileType = sourcecode.cpp.cpp; path = ArrayComponent.cpp; sourceTree = "<group>"; };
		CEED3C2F17DF11B00003ABC0 /* ArrayComponent.h */ = {isa = PBXFileReference; fileEncoding = 4; lastKnownFileType = sourcecode.c.h; path = ArrayComponent.h; sourceTree = "<group>"; };
		CEED3C3E17E007160003ABC0 /* Component.cpp */ = {isa = PBXFileReference; fileEncoding = 4; lastKnownFileType = sourcecode.cpp.cpp; path = Component.cpp; sourceTree = "<group>"; };
		CEED3C3F17E007160003ABC0 /* Component.h */ = {isa = PBXFileReference; fileEncoding = 4; lastKnownFileType = sourcecode.c.h; path = Component.h; sourceTree = "<group>"; };
		CEED3C4017E007160003ABC0 /* Factory.h */ = {isa = PBXFileReference; fileEncoding = 4; lastKnownFileType = sourcecode.c.h; path = Factory.h; sourceTree = "<group>"; };
		CEED3C4117E007160003ABC0 /* Logic.cpp */ = {isa = PBXFileReference; fileEncoding = 4; lastKnownFileType = sourcecode.cpp.cpp; path = Logic.cpp; sourceTree = "<group>"; };
		CEED3C4217E007160003ABC0 /* Logic.h */ = {isa = PBXFileReference; fileEncoding = 4; lastKnownFileType = sourcecode.c.h; path = Logic.h; sourceTree = "<group>"; };
/* End PBXFileReference section */

/* Begin PBXFrameworksBuildPhase section */
		CEED3C0F17DEFDDC0003ABC0 /* Frameworks */ = {
			isa = PBXFrameworksBuildPhase;
			buildActionMask = 2147483647;
			files = (
			);
			runOnlyForDeploymentPostprocessing = 0;
		};
/* End PBXFrameworksBuildPhase section */

/* Begin PBXGroup section */
		CE695CFF17E2BF0D009E9118 /* json */ = {
			isa = PBXGroup;
			children = (
				CE695CFC17E2BF03009E9118 /* cJSON.c */,
				CE695CFD17E2BF03009E9118 /* cJSON.h */,
			);
			name = json;
			sourceTree = "<group>";
		};
		CEED3C0917DEFDDC0003ABC0 = {
			isa = PBXGroup;
			children = (
				CEED3C1417DEFDDC0003ABC0 /* entitySystem */,
				CEED3C1317DEFDDC0003ABC0 /* Products */,
			);
			sourceTree = "<group>";
		};
		CEED3C1317DEFDDC0003ABC0 /* Products */ = {
			isa = PBXGroup;
			children = (
				CEED3C1217DEFDDC0003ABC0 /* entitySystem */,
			);
			name = Products;
			sourceTree = "<group>";
		};
		CEED3C1417DEFDDC0003ABC0 /* entitySystem */ = {
			isa = PBXGroup;
			children = (
				CEDD03751811421400936890 /* component.json */,
				CE695CFF17E2BF0D009E9118 /* json */,
				CE695CFA17E2BEC5009E9118 /* Factory.cpp */,
				CEED3C3E17E007160003ABC0 /* Component.cpp */,
				CEED3C3F17E007160003ABC0 /* Component.h */,
				CEED3C4017E007160003ABC0 /* Factory.h */,
				CEED3C4117E007160003ABC0 /* Logic.cpp */,
				CEED3C4217E007160003ABC0 /* Logic.h */,
				CEED3C1517DEFDDC0003ABC0 /* main.cpp */,
				CEED3C2E17DF11B00003ABC0 /* ArrayComponent.cpp */,
				CEED3C2F17DF11B00003ABC0 /* ArrayComponent.h */,
				CEED3C2717DF03B30003ABC0 /* Config.h */,
				CEED3C2817DF06260003ABC0 /* ValueComponent.cpp */,
				CEED3C2917DF06260003ABC0 /* ValueComponent.h */,
			);
			path = entitySystem;
			sourceTree = "<group>";
		};
/* End PBXGroup section */

/* Begin PBXNativeTarget section */
		CEED3C1117DEFDDC0003ABC0 /* entitySystem */ = {
			isa = PBXNativeTarget;
			buildConfigurationList = CEED3C1B17DEFDDC0003ABC0 /* Build configuration list for PBXNativeTarget "entitySystem" */;
			buildPhases = (
				CEED3C0E17DEFDDC0003ABC0 /* Sources */,
				CEED3C0F17DEFDDC0003ABC0 /* Frameworks */,
				CEED3C1017DEFDDC0003ABC0 /* CopyFiles */,
			);
			buildRules = (
			);
			dependencies = (
			);
			name = entitySystem;
			productName = entitySystem;
			productReference = CEED3C1217DEFDDC0003ABC0 /* entitySystem */;
			productType = "com.apple.product-type.tool";
		};
/* End PBXNativeTarget section */

/* Begin PBXProject section */
		CEED3C0A17DEFDDC0003ABC0 /* Project object */ = {
			isa = PBXProject;
			attributes = {
				LastUpgradeCheck = 0460;
				ORGANIZATIONNAME = user;
			};
			buildConfigurationList = CEED3C0D17DEFDDC0003ABC0 /* Build configuration list for PBXProject "entitySystem" */;
			compatibilityVersion = "Xcode 3.2";
			developmentRegion = English;
			hasScannedForEncodings = 0;
			knownRegions = (
				en,
			);
			mainGroup = CEED3C0917DEFDDC0003ABC0;
			productRefGroup = CEED3C1317DEFDDC0003ABC0 /* Products */;
			projectDirPath = "";
			projectRoot = "";
			targets = (
				CEED3C1117DEFDDC0003ABC0 /* entitySystem */,
			);
		};
/* End PBXProject section */

/* Begin PBXSourcesBuildPhase section */
		CEED3C0E17DEFDDC0003ABC0 /* Sources */ = {
			isa = PBXSourcesBuildPhase;
			buildActionMask = 2147483647;
			files = (
				CEED3C1617DEFDDC0003ABC0 /* main.cpp in Sources */,
				CEED3C2A17DF06260003ABC0 /* ValueComponent.cpp in Sources */,
				CEED3C3017DF11B00003ABC0 /* ArrayComponent.cpp in Sources */,
				CEED3C4417E007160003ABC0 /* Component.cpp in Sources */,
				CEED3C4517E007160003ABC0 /* Logic.cpp in Sources */,
				CE695CFB17E2BEC5009E9118 /* Factory.cpp in Sources */,
				CE695CFE17E2BF03009E9118 /* cJSON.c in Sources */,
			);
			runOnlyForDeploymentPostprocessing = 0;
		};
/* End PBXSourcesBuildPhase section */

/* Begin XCBuildConfiguration section */
		CEED3C1917DEFDDC0003ABC0 /* Debug */ = {
			isa = XCBuildConfiguration;
			buildSettings = {
				ALWAYS_SEARCH_USER_PATHS = NO;
				ARCHS = "$(ARCHS_STANDARD_64_BIT)";
				CLANG_CXX_LANGUAGE_STANDARD = "gnu++0x";
				CLANG_CXX_LIBRARY = "libc++";
				CLANG_WARN_CONSTANT_CONVERSION = YES;
				CLANG_WARN_EMPTY_BODY = YES;
				CLANG_WARN_ENUM_CONVERSION = YES;
				CLANG_WARN_INT_CONVERSION = YES;
				CLANG_WARN__DUPLICATE_METHOD_MATCH = YES;
				COPY_PHASE_STRIP = NO;
				GCC_C_LANGUAGE_STANDARD = gnu99;
				GCC_DYNAMIC_NO_PIC = NO;
				GCC_ENABLE_OBJC_EXCEPTIONS = YES;
				GCC_OPTIMIZATION_LEVEL = 0;
				GCC_PREPROCESSOR_DEFINITIONS = (
					"DEBUG=1",
					"$(inherited)",
				);
				GCC_SYMBOLS_PRIVATE_EXTERN = NO;
				GCC_WARN_64_TO_32_BIT_CONVERSION = YES;
				GCC_WARN_ABOUT_RETURN_TYPE = YES;
				GCC_WARN_UNINITIALIZED_AUTOS = YES;
				GCC_WARN_UNUSED_VARIABLE = YES;
				MACOSX_DEPLOYMENT_TARGET = 10.8;
				ONLY_ACTIVE_ARCH = YES;
				SDKROOT = macosx;
			};
			name = Debug;
		};
		CEED3C1A17DEFDDC0003ABC0 /* Release */ = {
			isa = XCBuildConfiguration;
			buildSettings = {
				ALWAYS_SEARCH_USER_PATHS = NO;
				ARCHS = "$(ARCHS_STANDARD_64_BIT)";
				CLANG_CXX_LANGUAGE_STANDARD = "gnu++0x";
				CLANG_CXX_LIBRARY = "libc++";
				CLANG_WARN_CONSTANT_CONVERSION = YES;
				CLANG_WARN_EMPTY_BODY = YES;
				CLANG_WARN_ENUM_CONVERSION = YES;
				CLANG_WARN_INT_CONVERSION = YES;
				CLANG_WARN__DUPLICATE_METHOD_MATCH = YES;
				COPY_PHASE_STRIP = YES;
				DEBUG_INFORMATION_FORMAT = "dwarf-with-dsym";
				GCC_C_LANGUAGE_STANDARD = gnu99;
				GCC_ENABLE_OBJC_EXCEPTIONS = YES;
				GCC_WARN_64_TO_32_BIT_CONVERSION = YES;
				GCC_WARN_ABOUT_RETURN_TYPE = YES;
				GCC_WARN_UNINITIALIZED_AUTOS = YES;
				GCC_WARN_UNUSED_VARIABLE = YES;
				MACOSX_DEPLOYMENT_TARGET = 10.8;
				SDKROOT = macosx;
			};
			name = Release;
		};
		CEED3C1C17DEFDDC0003ABC0 /* Debug */ = {
			isa = XCBuildConfiguration;
			buildSettings = {
				ARCHS = "$(ARCHS_STANDARD_32_BIT)";
				CLANG_CXX_LANGUAGE_STANDARD = "gnu++0x";
				GCC_C_LANGUAGE_STANDARD = gnu11;
				GCC_VERSION = com.apple.compilers.llvm.clang.1_0;
				PRODUCT_NAME = "$(TARGET_NAME)";
			};
			name = Debug;
		};
		CEED3C1D17DEFDDC0003ABC0 /* Release */ = {
			isa = XCBuildConfiguration;
			buildSettings = {
				ARCHS = "$(ARCHS_STANDARD_32_BIT)";
				CLANG_CXX_LANGUAGE_STANDARD = "gnu++0x";
				GCC_C_LANGUAGE_STANDARD = gnu11;
				GCC_VERSION = com.apple.compilers.llvm.clang.1_0;
				PRODUCT_NAME = "$(TARGET_NAME)";
			};
			name = Release;
		};
/* End XCBuildConfiguration section */

/* Begin XCConfigurationList section */
		CEED3C0D17DEFDDC0003ABC0 /* Build configuration list for PBXProject "entitySystem" */ = {
			isa = XCConfigurationList;
			buildConfigurations = (
				CEED3C1917DEFDDC0003ABC0 /* Debug */,
				CEED3C1A17DEFDDC0003ABC0 /* Release */,
			);
			defaultConfigurationIsVisible = 0;
			defaultConfigurationName = Release;
		};
		CEED3C1B17DEFDDC0003ABC0 /* Build configuration list for PBXNativeTarget "entitySystem" */ = {
			isa = XCConfigurationList;
			buildConfigurations = (
				CEED3C1C17DEFDDC0003ABC0 /* Debug */,
				CEED3C1D17DEFDDC0003ABC0 /* Release */,
			);
			defaultConfigurationIsVisible = 0;
			defaultConfigurationName = Release;
		};
/* End XCConfigurationList section */
	};
	rootObject = CEED3C0A17DEFDDC0003ABC0 /* Project object */;
}
