Microsoft Visual Studio Solution File, Format Version 12.00
# Visual Studio 2013
Project("{8BC9CEB8-8B4A-11D0-8D11-00A0C91BC942}") = "ALL_BUILD", "ALL_BUILD.vcxproj", "{BBFA57F6-0665-494D-B2C7-E009F1D9CEA8}"
	ProjectSection(ProjectDependencies) = postProject
		{E1EFC3DE-9BB0-4B4E-8CE6-D255CD7C89B8} = {E1EFC3DE-9BB0-4B4E-8CE6-D255CD7C89B8}
		{4CCBB6C7-E926-45AF-BD12-153CD0C992B2} = {4CCBB6C7-E926-45AF-BD12-153CD0C992B2}
	EndProjectSection
EndProject
Project("{8BC9CEB8-8B4A-11D0-8D11-00A0C91BC942}") = "ZERO_CHECK", "ZERO_CHECK.vcxproj", "{E1EFC3DE-9BB0-4B4E-8CE6-D255CD7C89B8}"
	ProjectSection(ProjectDependencies) = postProject
	EndProjectSection
EndProject
Project("{8BC9CEB8-8B4A-11D0-8D11-00A0C91BC942}") = "testPath", "testPath.vcxproj", "{4CCBB6C7-E926-45AF-BD12-153CD0C992B2}"
	ProjectSection(ProjectDependencies) = postProject
		{E1EFC3DE-9BB0-4B4E-8CE6-D255CD7C89B8} = {E1EFC3DE-9BB0-4B4E-8CE6-D255CD7C89B8}
	EndProjectSection
EndProject
Global
	GlobalSection(SolutionConfigurationPlatforms) = preSolution
		Debug|Win32 = Debug|Win32
		Release|Win32 = Release|Win32
		MinSizeRel|Win32 = MinSizeRel|Win32
		RelWithDebInfo|Win32 = RelWithDebInfo|Win32
	EndGlobalSection
	GlobalSection(ProjectConfigurationPlatforms) = postSolution
		{BBFA57F6-0665-494D-B2C7-E009F1D9CEA8}.Debug|Win32.ActiveCfg = Debug|Win32
		{BBFA57F6-0665-494D-B2C7-E009F1D9CEA8}.Release|Win32.ActiveCfg = Release|Win32
		{BBFA57F6-0665-494D-B2C7-E009F1D9CEA8}.MinSizeRel|Win32.ActiveCfg = MinSizeRel|Win32
		{BBFA57F6-0665-494D-B2C7-E009F1D9CEA8}.RelWithDebInfo|Win32.ActiveCfg = RelWithDebInfo|Win32
		{E1EFC3DE-9BB0-4B4E-8CE6-D255CD7C89B8}.Debug|Win32.ActiveCfg = Debug|Win32
		{E1EFC3DE-9BB0-4B4E-8CE6-D255CD7C89B8}.Debug|Win32.Build.0 = Debug|Win32
		{E1EFC3DE-9BB0-4B4E-8CE6-D255CD7C89B8}.Release|Win32.ActiveCfg = Release|Win32
		{E1EFC3DE-9BB0-4B4E-8CE6-D255CD7C89B8}.Release|Win32.Build.0 = Release|Win32
		{E1EFC3DE-9BB0-4B4E-8CE6-D255CD7C89B8}.MinSizeRel|Win32.ActiveCfg = MinSizeRel|Win32
		{E1EFC3DE-9BB0-4B4E-8CE6-D255CD7C89B8}.MinSizeRel|Win32.Build.0 = MinSizeRel|Win32
		{E1EFC3DE-9BB0-4B4E-8CE6-D255CD7C89B8}.RelWithDebInfo|Win32.ActiveCfg = RelWithDebInfo|Win32
		{E1EFC3DE-9BB0-4B4E-8CE6-D255CD7C89B8}.RelWithDebInfo|Win32.Build.0 = RelWithDebInfo|Win32
		{4CCBB6C7-E926-45AF-BD12-153CD0C992B2}.Debug|Win32.ActiveCfg = Debug|Win32
		{4CCBB6C7-E926-45AF-BD12-153CD0C992B2}.Debug|Win32.Build.0 = Debug|Win32
		{4CCBB6C7-E926-45AF-BD12-153CD0C992B2}.Release|Win32.ActiveCfg = Release|Win32
		{4CCBB6C7-E926-45AF-BD12-153CD0C992B2}.Release|Win32.Build.0 = Release|Win32
		{4CCBB6C7-E926-45AF-BD12-153CD0C992B2}.MinSizeRel|Win32.ActiveCfg = MinSizeRel|Win32
		{4CCBB6C7-E926-45AF-BD12-153CD0C992B2}.MinSizeRel|Win32.Build.0 = MinSizeRel|Win32
		{4CCBB6C7-E926-45AF-BD12-153CD0C992B2}.RelWithDebInfo|Win32.ActiveCfg = RelWithDebInfo|Win32
		{4CCBB6C7-E926-45AF-BD12-153CD0C992B2}.RelWithDebInfo|Win32.Build.0 = RelWithDebInfo|Win32
	EndGlobalSection
	GlobalSection(ExtensibilityGlobals) = postSolution
	EndGlobalSection
	GlobalSection(ExtensibilityAddIns) = postSolution
	EndGlobalSection
EndGlobal
