<?xml version="1.0" encoding="utf-8"?>
<Project ToolsVersion="4.0" xmlns="http://schemas.microsoft.com/developer/msbuild/2003">
  <ItemGroup>
    <Filter Include="win32">
      <UniqueIdentifier>{84a8ebd7-7cf0-47f6-b75e-d441df67da40}</UniqueIdentifier>
    </Filter>
    <Filter Include="Classes">
      <UniqueIdentifier>{bb6c862e-70e9-49d9-81b7-3829a6f50471}</UniqueIdentifier>
    </Filter>
    <Filter Include="Classes\components">
      <UniqueIdentifier>{cbb7bf28-76b2-437d-abec-0a40b4447e77}</UniqueIdentifier>
    </Filter>
    <Filter Include="Classes\spine_cocos2dx">
      <UniqueIdentifier>{9919a967-c5d6-4824-8614-e75334305824}</UniqueIdentifier>
    </Filter>
    <Filter Include="Classes\spine_runtime">
      <UniqueIdentifier>{d4d10b29-8ff0-47f9-918a-4f65c98944fc}</UniqueIdentifier>
    </Filter>
    <Filter Include="Classes\math">
      <UniqueIdentifier>{4a448c78-bd23-4eae-8c2b-bfd1debc301a}</UniqueIdentifier>
    </Filter>
    <Filter Include="Classes\perlin_noise">
      <UniqueIdentifier>{b11e44ae-e178-4342-824f-7d5cedba0642}</UniqueIdentifier>
    </Filter>
  </ItemGroup>
  <ItemGroup>
    <ClCompile Include="main.cpp">
      <Filter>win32</Filter>
    </ClCompile>
    <ClCompile Include="..\Classes\Singleton.cpp">
      <Filter>Classes</Filter>
    </ClCompile>
    <ClCompile Include="..\Classes\Time\CrudeTimer.cpp">
      <Filter>Classes</Filter>
    </ClCompile>
    <ClCompile Include="..\Classes\Time\PrecisionTimer.cpp">
      <Filter>Classes</Filter>
    </ClCompile>
    <ClCompile Include="..\Classes\messaging\MessageDispatcher.cpp">
      <Filter>Classes</Filter>
    </ClCompile>
    <ClCompile Include="..\Classes\cocos\AppDelegate.cpp">
      <Filter>Classes</Filter>
    </ClCompile>
    <ClCompile Include="..\Classes\cJSON\cJSON.c">
      <Filter>Classes</Filter>
    </ClCompile>
    <ClCompile Include="..\Classes\es\Component.cpp">
      <Filter>Classes</Filter>
    </ClCompile>
    <ClCompile Include="..\Classes\es\ComponentMgr.cpp">
      <Filter>Classes</Filter>
    </ClCompile>
    <ClCompile Include="..\Classes\cocos\VisibleRect.cpp">
      <Filter>Classes</Filter>
    </ClCompile>
    <ClCompile Include="..\Classes\cocos\HelloWorldScene.cpp">
      <Filter>Classes</Filter>
    </ClCompile>
    <ClCompile Include="..\Classes\fluid\fluidmodel.cpp">
      <Filter>Classes</Filter>
    </ClCompile>
    <ClCompile Include="..\Classes\components\WallComponent.cpp">
      <Filter>Classes\components</Filter>
    </ClCompile>
    <ClCompile Include="..\Classes\components\RayComponent.cpp">
      <Filter>Classes\components</Filter>
    </ClCompile>
    <ClCompile Include="..\Classes\spine-runtimes\spine-cocos2dx\src\spine\CCSkeleton.cpp">
      <Filter>Classes\spine_cocos2dx</Filter>
    </ClCompile>
    <ClCompile Include="..\Classes\spine-runtimes\spine-cocos2dx\src\spine\CCSkeletonAnimation.cpp">
      <Filter>Classes\spine_cocos2dx</Filter>
    </ClCompile>
    <ClCompile Include="..\Classes\spine-runtimes\spine-cocos2dx\src\spine\spine-cocos2dx.cpp">
      <Filter>Classes\spine_cocos2dx</Filter>
    </ClCompile>
    <ClCompile Include="..\Classes\components\SpineComp.cpp">
      <Filter>Classes\components</Filter>
    </ClCompile>
    <ClCompile Include="..\Classes\spine-runtimes\spine-c\src\spine\Animation.c">
      <Filter>Classes\spine_runtime</Filter>
    </ClCompile>
    <ClCompile Include="..\Classes\spine-runtimes\spine-c\src\spine\AnimationState.c">
      <Filter>Classes\spine_runtime</Filter>
    </ClCompile>
    <ClCompile Include="..\Classes\spine-runtimes\spine-c\src\spine\AnimationStateData.c">
      <Filter>Classes\spine_runtime</Filter>
    </ClCompile>
    <ClCompile Include="..\Classes\spine-runtimes\spine-c\src\spine\Atlas.c">
      <Filter>Classes\spine_runtime</Filter>
    </ClCompile>
    <ClCompile Include="..\Classes\spine-runtimes\spine-c\src\spine\AtlasAttachmentLoader.c">
      <Filter>Classes\spine_runtime</Filter>
    </ClCompile>
    <ClCompile Include="..\Classes\spine-runtimes\spine-c\src\spine\Attachment.c">
      <Filter>Classes\spine_runtime</Filter>
    </ClCompile>
    <ClCompile Include="..\Classes\spine-runtimes\spine-c\src\spine\AttachmentLoader.c">
      <Filter>Classes\spine_runtime</Filter>
    </ClCompile>
    <ClCompile Include="..\Classes\spine-runtimes\spine-c\src\spine\Bone.c">
      <Filter>Classes\spine_runtime</Filter>
    </ClCompile>
    <ClCompile Include="..\Classes\spine-runtimes\spine-c\src\spine\BoneData.c">
      <Filter>Classes\spine_runtime</Filter>
    </ClCompile>
    <ClCompile Include="..\Classes\spine-runtimes\spine-c\src\spine\BoundingBoxAttachment.c">
      <Filter>Classes\spine_runtime</Filter>
    </ClCompile>
    <ClCompile Include="..\Classes\spine-runtimes\spine-c\src\spine\Event.c">
      <Filter>Classes\spine_runtime</Filter>
    </ClCompile>
    <ClCompile Include="..\Classes\spine-runtimes\spine-c\src\spine\EventData.c">
      <Filter>Classes\spine_runtime</Filter>
    </ClCompile>
    <ClCompile Include="..\Classes\spine-runtimes\spine-c\src\spine\extension.c">
      <Filter>Classes\spine_runtime</Filter>
    </ClCompile>
    <ClCompile Include="..\Classes\spine-runtimes\spine-c\src\spine\Json.c">
      <Filter>Classes\spine_runtime</Filter>
    </ClCompile>
    <ClCompile Include="..\Classes\spine-runtimes\spine-c\src\spine\RegionAttachment.c">
      <Filter>Classes\spine_runtime</Filter>
    </ClCompile>
    <ClCompile Include="..\Classes\spine-runtimes\spine-c\src\spine\Skeleton.c">
      <Filter>Classes\spine_runtime</Filter>
    </ClCompile>
    <ClCompile Include="..\Classes\spine-runtimes\spine-c\src\spine\SkeletonBounds.c">
      <Filter>Classes\spine_runtime</Filter>
    </ClCompile>
    <ClCompile Include="..\Classes\spine-runtimes\spine-c\src\spine\SkeletonData.c">
      <Filter>Classes\spine_runtime</Filter>
    </ClCompile>
    <ClCompile Include="..\Classes\spine-runtimes\spine-c\src\spine\SkeletonJson.c">
      <Filter>Classes\spine_runtime</Filter>
    </ClCompile>
    <ClCompile Include="..\Classes\spine-runtimes\spine-c\src\spine\Skin.c">
      <Filter>Classes\spine_runtime</Filter>
    </ClCompile>
    <ClCompile Include="..\Classes\spine-runtimes\spine-c\src\spine\Slot.c">
      <Filter>Classes\spine_runtime</Filter>
    </ClCompile>
    <ClCompile Include="..\Classes\spine-runtimes\spine-c\src\spine\SlotData.c">
      <Filter>Classes\spine_runtime</Filter>
    </ClCompile>
    <ClCompile Include="..\Classes\components\MagicComponent.cpp">
      <Filter>Classes\components</Filter>
    </ClCompile>
    <ClCompile Include="..\Classes\Perlin_Noise\PerlinNoise.cpp">
      <Filter>Classes\perlin_noise</Filter>
    </ClCompile>
    <ClCompile Include="..\Classes\Perlin_Noise\ppm.cpp">
      <Filter>Classes\perlin_noise</Filter>
    </ClCompile>
    <ClCompile Include="..\Classes\Tools.cpp">
      <Filter>Classes</Filter>
    </ClCompile>
  </ItemGroup>
  <ItemGroup>
    <ClInclude Include="main.h">
      <Filter>win32</Filter>
    </ClInclude>
    <ClInclude Include="..\Classes\Configuration.h">
      <Filter>Classes</Filter>
    </ClInclude>
    <ClInclude Include="..\Classes\Singleton.h">
      <Filter>Classes</Filter>
    </ClInclude>
    <ClInclude Include="..\Classes\Time\CrudeTimer.h">
      <Filter>Classes</Filter>
    </ClInclude>
    <ClInclude Include="..\Classes\Time\PrecisionTimer.h">
      <Filter>Classes</Filter>
    </ClInclude>
    <ClInclude Include="..\Classes\messaging\MessageDispatcher.h">
      <Filter>Classes</Filter>
    </ClInclude>
    <ClInclude Include="..\Classes\messaging\Telegram.h">
      <Filter>Classes</Filter>
    </ClInclude>
    <ClInclude Include="..\Classes\cocos\AppDelegate.h">
      <Filter>Classes</Filter>
    </ClInclude>
    <ClInclude Include="..\Classes\cocos\HelloWorldScene.h">
      <Filter>Classes</Filter>
    </ClInclude>
    <ClInclude Include="..\Classes\cJSON\cJSON.h">
      <Filter>Classes</Filter>
    </ClInclude>
    <ClInclude Include="..\Classes\es\Component.h">
      <Filter>Classes</Filter>
    </ClInclude>
    <ClInclude Include="..\Classes\es\ComponentMgr.h">
      <Filter>Classes</Filter>
    </ClInclude>
    <ClInclude Include="..\Classes\cocos\VisibleRect.h">
      <Filter>Classes</Filter>
    </ClInclude>
    <ClInclude Include="..\Classes\algorithm\Path.h">
      <Filter>Classes</Filter>
    </ClInclude>
    <ClInclude Include="..\Classes\fluid\fluidmodel.h">
      <Filter>Classes</Filter>
    </ClInclude>
    <ClInclude Include="..\Classes\components\Components.h">
      <Filter>Classes\components</Filter>
    </ClInclude>
    <ClInclude Include="..\Classes\components\FluidComponent.h">
      <Filter>Classes\components</Filter>
    </ClInclude>
    <ClInclude Include="..\Classes\components\WallComponent.h">
      <Filter>Classes\components</Filter>
    </ClInclude>
    <ClInclude Include="..\Classes\components\RayComponent.h">
      <Filter>Classes\components</Filter>
    </ClInclude>
    <ClInclude Include="..\Classes\spine-runtimes\spine-cocos2dx\src\spine\CCSkeleton.h">
      <Filter>Classes\spine_cocos2dx</Filter>
    </ClInclude>
    <ClInclude Include="..\Classes\spine-runtimes\spine-cocos2dx\src\spine\CCSkeletonAnimation.h">
      <Filter>Classes\spine_cocos2dx</Filter>
    </ClInclude>
    <ClInclude Include="..\Classes\spine-runtimes\spine-cocos2dx\src\spine\spine-cocos2dx.h">
      <Filter>Classes\spine_cocos2dx</Filter>
    </ClInclude>
    <ClInclude Include="..\Classes\components\SpineComp.h">
      <Filter>Classes\components</Filter>
    </ClInclude>
    <ClInclude Include="..\Classes\spine-runtimes\spine-c\src\spine\Json.h">
      <Filter>Classes\spine_runtime</Filter>
    </ClInclude>
    <ClInclude Include="..\Classes\components\MagicComponent.h">
      <Filter>Classes\components</Filter>
    </ClInclude>
    <ClInclude Include="..\Classes\math\zkMath.h">
      <Filter>Classes\math</Filter>
    </ClInclude>
    <ClInclude Include="..\Classes\Perlin_Noise\PerlinNoise.h">
      <Filter>Classes\perlin_noise</Filter>
    </ClInclude>
    <ClInclude Include="..\Classes\Perlin_Noise\ppm.h">
      <Filter>Classes\perlin_noise</Filter>
    </ClInclude>
  </ItemGroup>
</Project>